
Microsoft Visual Studio Solution File, Format Version 12.00
# Visual Studio Version 17
VisualStudioVersion = 17.0.32014.148
MinimumVisualStudioVersion = 10.0.40219.1
Project("{FAE04EC0-301F-11D3-BF4B-00C04F79EFBC}") = "First_Project", "First_Project.csproj", "{1F5D4445-05EB-472E-9FA8-6FF12D3EC135}"
EndProject
Global
	GlobalSection(SolutionConfigurationPlatforms) = preSolution
		Debug|Any CPU = Debug|Any CPU
		Release|Any CPU = Release|Any CPU
	EndGlobalSection
	GlobalSection(ProjectConfigurationPlatforms) = postSolution
		{1F5D4445-05EB-472E-9FA8-6FF12D3EC135}.Debug|Any CPU.ActiveCfg = Debug|Any CPU
		{1F5D4445-05EB-472E-9FA8-6FF12D3EC135}.Debug|Any CPU.Build.0 = Debug|Any CPU
		{1F5D4445-05EB-472E-9FA8-6FF12D3EC135}.Release|Any CPU.ActiveCfg = Release|Any CPU
		{1F5D4445-05EB-472E-9FA8-6FF12D3EC135}.Release|Any CPU.Build.0 = Release|Any CPU
	EndGlobalSection
	GlobalSection(SolutionProperties) = preSolution
		HideSolutionNode = FALSE
	EndGlobalSection
	GlobalSection(ExtensibilityGlobals) = postSolution
		SolutionGuid = {35A8594A-B6F9-4994-B7CE-0902C10C500C}
	EndGlobalSection
EndGlobal
